{
  "requires": true,
  "lockfileVersion": 1,
  "dependencies": {
    "imgix.js": {
      "version": "3.5.1",
      "resolved": "https://registry.npmjs.org/imgix.js/-/imgix.js-3.5.1.tgz",
      "integrity": "sha512-iEQEvTbm4bna2L9jqW3SWylwLQgj7d7LUbeYrXsX+iq2QT3wYXSG3rEwKtwpHofv4KEn+JpWIK+3y5b8SekpWQ==",
      "requires": {
        "lodash.debounce": "^4.0.8"
      }
    },
    "lodash.debounce": {
      "version": "4.0.8",
      "resolved": "https://registry.npmjs.org/lodash.debounce/-/lodash.debounce-4.0.8.tgz",
      "integrity": "sha1-gteb/zCmfEAF/9XiUVMArZyk168="
    }
  }
}
